
Microsoft Visual Studio Solution File, Format Version 12.00
# Visual Studio Version 17
VisualStudioVersion = 17.9.34701.34
MinimumVisualStudioVersion = 10.0.40219.1
Project("{FAE04EC0-301F-11D3-BF4B-00C04F79EFBC}") = "lab_3_hyrol", "lab_3_hyrol\lab_3_hyrol.csproj", "{0814BA46-0CB5-4DFC-9341-FCFB139F4DAD}"
EndProject
Global
	GlobalSection(SolutionConfigurationPlatforms) = preSolution
		Debug|Any CPU = Debug|Any CPU
		Release|Any CPU = Release|Any CPU
	EndGlobalSection
	GlobalSection(ProjectConfigurationPlatforms) = postSolution
		{0814BA46-0CB5-4DFC-9341-FCFB139F4DAD}.Debug|Any CPU.ActiveCfg = Debug|Any CPU
		{0814BA46-0CB5-4DFC-9341-FCFB139F4DAD}.Debug|Any CPU.Build.0 = Debug|Any CPU
		{0814BA46-0CB5-4DFC-9341-FCFB139F4DAD}.Release|Any CPU.ActiveCfg = Release|Any CPU
		{0814BA46-0CB5-4DFC-9341-FCFB139F4DAD}.Release|Any CPU.Build.0 = Release|Any CPU
	EndGlobalSection
	GlobalSection(SolutionProperties) = preSolution
		HideSolutionNode = FALSE
	EndGlobalSection
	GlobalSection(ExtensibilityGlobals) = postSolution
		SolutionGuid = {64D6F9A8-358E-42E1-B84C-B9A8F6D29E5D}
	EndGlobalSection
EndGlobal
